{
    "version": 3,
    "terraform_version": "0.11.11",
    "serial": 12,
    "lineage": "413f3226-17ca-3f78-7db5-a19d856b18c8",
    "modules": [
        {
            "path": [
                "root"
            ],
            "outputs": {
                "config_map_aws_auth": {
                    "sensitive": false,
                    "type": "string",
                    "value": "\n\napiVersion: v1\nkind: ConfigMap\nmetadata:\n  name: aws-auth\n  namespace: kube-system\ndata:\n  mapRoles: |\n    - rolearn: arn:aws:iam::973714476881:role/terraform-eks-demo-node\n      username: system:node:{{EC2PrivateDNSName}}\n      groups:\n        - system:bootstrappers\n        - system:nodes\n"
                }
            },
            "resources": {
                "aws_autoscaling_group.demo": {
                    "type": "aws_autoscaling_group",
                    "depends_on": [
                        "aws_launch_configuration.demo",
                        "aws_subnet.demo.*"
                    ],
                    "primary": {
                        "id": "terraform-eks-demo",
                        "attributes": {
                            "arn": "arn:aws:autoscaling:us-east-2:973714476881:autoScalingGroup:14e778cf-f064-495b-bbfa-0dec42d9894f:autoScalingGroupName/terraform-eks-demo",
                            "availability_zones.#": "2",
                            "availability_zones.1726430690": "us-east-2b",
                            "availability_zones.4293815384": "us-east-2a",
                            "default_cooldown": "300",
                            "desired_capacity": "2",
                            "enabled_metrics.#": "0",
                            "force_delete": "false",
                            "health_check_grace_period": "300",
                            "health_check_type": "EC2",
                            "id": "terraform-eks-demo",
                            "launch_configuration": "terraform-eks-demo20190119014505772100000006",
                            "launch_template.#": "0",
                            "load_balancers.#": "0",
                            "max_size": "2",
                            "metrics_granularity": "1Minute",
                            "min_size": "1",
                            "mixed_instances_policy.#": "0",
                            "name": "terraform-eks-demo",
                            "placement_group": "",
                            "protect_from_scale_in": "false",
                            "service_linked_role_arn": "arn:aws:iam::973714476881:role/aws-service-role/autoscaling.amazonaws.com/AWSServiceRoleForAutoScaling",
                            "suspended_processes.#": "0",
                            "tag.#": "2",
                            "tag.1140936414.key": "kubernetes.io/cluster/ekscluster",
                            "tag.1140936414.propagate_at_launch": "true",
                            "tag.1140936414.value": "owned",
                            "tag.4079220990.key": "Name",
                            "tag.4079220990.propagate_at_launch": "true",
                            "tag.4079220990.value": "terraform-eks-demo",
                            "target_group_arns.#": "0",
                            "termination_policies.#": "0",
                            "vpc_zone_identifier.#": "2",
                            "vpc_zone_identifier.1591773667": "subnet-015756bc6a1e911a5",
                            "vpc_zone_identifier.2241548528": "subnet-0dd273de95f97d7e4",
                            "wait_for_capacity_timeout": "10m"
                        },
                        "meta": {
                            "e2bfb730-ecaa-11e6-8f88-34363bc7c4c0": {
                                "delete": 600000000000
                            }
                        },
                        "tainted": false
                    },
                    "deposed": [],
                    "provider": "provider.aws"
                },
                "aws_eks_cluster.demo": {
                    "type": "aws_eks_cluster",
                    "depends_on": [
                        "aws_iam_role.demo-cluster",
                        "aws_iam_role_policy_attachment.demo-cluster-AmazonEKSClusterPolicy",
                        "aws_iam_role_policy_attachment.demo-cluster-AmazonEKSServicePolicy",
                        "aws_security_group.demo-cluster",
                        "aws_subnet.demo.*"
                    ],
                    "primary": {
                        "id": "ekscluster",
                        "attributes": {
                            "arn": "arn:aws:eks:us-east-2:973714476881:cluster/ekscluster",
                            "certificate_authority.#": "1",
                            "certificate_authority.0.data": "LS0tLS1CRUdJTiBDRVJUSUZJQ0FURS0tLS0tCk1JSUN5RENDQWJDZ0F3SUJBZ0lCQURBTkJna3Foa2lHOXcwQkFRc0ZBREFWTVJNd0VRWURWUVFERXdwcmRXSmwKY201bGRHVnpNQjRYRFRFNU1ERXhPVEF4TkRJeU5sb1hEVEk1TURFeE5qQXhOREl5Tmxvd0ZURVRNQkVHQTFVRQpBeE1LYTNWaVpYSnVaWFJsY3pDQ0FTSXdEUVlKS29aSWh2Y05BUUVCQlFBRGdnRVBBRENDQVFvQ2dnRUJBSlY5ClhtZWlWZjJiV0VsbktYVTd5VXI2d0FnRllHR2hyVm1sRXlOZndpLzVyUDdHaGN3ZFo0ek1EaVpwWDJuS2xQaUwKQ1ZOYmdIeDEzZ3F1SlBScVl6M0RGUCtiOW9qcVlmcGFXODRza1c5YjVsTXRKSy94Rm0vSlR1V0FHKzRYUTJQWgpUQy85dnVxQWJVRnpyeTNiZ3E0Z1ZjZVhhVWlBVm9LRUc4MVRoOEF6REtHVkErTnpGM0pXMUM0TE1Fa29hOEFSCmhmSzJJZlA0OEliR1N0SG9GOW9aWlFUanZEMWxTRW0zQWo5dEtkSnMxd051TCtXejFCRXNMd1JTZlVpb0xxN2QKS2hUa2ZJRDBUNWpUazVhcmlOMzgzRDFCL01ITHp6a3dYV2JjckdvcHVVakcrMEw2MFlkNkZ1RFBpaXNNL056UQpBQzhNODhMUzFSaDQwaEJUazM4Q0F3RUFBYU1qTUNFd0RnWURWUjBQQVFIL0JBUURBZ0trTUE4R0ExVWRFd0VCCi93UUZNQU1CQWY4d0RRWUpLb1pJaHZjTkFRRUxCUUFEZ2dFQkFGZGZjZlVoZXYyY3QzMEN4Nm5aTlFnUWJGeW0KNEd1QTFUN1ZTQ1RVRjVMRExreUp2V2dGMHIxQVErTGpJS1ZhZTZnZ2drQVp3M2NOUW9FVHc4U0I1UnBtNUNZRApjUUJwT3RzRlI1QkxrMlk1UVFNN0NVWkMrdHoyV1EyQ2EwaktuNlY3dDBwMUdDWS9nRHJTdFQvWTZjQXZ4WXdVCldkMk5rSCtFdnppTmoxMzgvNG9FNXp5akE2ckg1MXNTWG91N2REL1k1SDE4aXhtQkYvTWY2dy9YZ1A5aEJ1OGMKa0wrU0U2aElVUTNTNEpyQ1JHTHlkYlZ3a1pHVWxHMitiNFhPcmNxMEcwckFHZUYzRHJQR2ttREhKczlxaUF4cgpEck04UGV0bU9JN1pUQmwrUFNMak1rMmxMV1RQc2FsSzg5aDVWdXkvM3ZoclJGcXFFcXVEdXA2cThRbz0KLS0tLS1FTkQgQ0VSVElGSUNBVEUtLS0tLQo=",
                            "created_at": "2019-01-19 01:35:15 +0000 UTC",
                            "endpoint": "https://D24A1905C44D20BDF7EA253A44552F6F.yl4.us-east-2.eks.amazonaws.com",
                            "id": "ekscluster",
                            "name": "ekscluster",
                            "platform_version": "eks.1",
                            "role_arn": "arn:aws:iam::973714476881:role/terraform-eks-demo-cluster",
                            "version": "1.11",
                            "vpc_config.#": "1",
                            "vpc_config.0.security_group_ids.#": "1",
                            "vpc_config.0.security_group_ids.3915265833": "sg-0d8f8bed88af89802",
                            "vpc_config.0.subnet_ids.#": "2",
                            "vpc_config.0.subnet_ids.1515476450": "subnet-015756bc6a1e911a5",
                            "vpc_config.0.subnet_ids.3727781861": "subnet-0dd273de95f97d7e4",
                            "vpc_config.0.vpc_id": "vpc-0b4aaada671842dd0"
                        },
                        "meta": {
                            "e2bfb730-ecaa-11e6-8f88-34363bc7c4c0": {
                                "create": 900000000000,
                                "delete": 900000000000,
                                "update": 3600000000000
                            }
                        },
                        "tainted": false
                    },
                    "deposed": [],
                    "provider": "provider.aws"
                },
                "aws_iam_instance_profile.demo-node": {
                    "type": "aws_iam_instance_profile",
                    "depends_on": [
                        "aws_iam_role.demo-node"
                    ],
                    "primary": {
                        "id": "terraform-eks-demo",
                        "attributes": {
                            "arn": "arn:aws:iam::973714476881:instance-profile/terraform-eks-demo",
                            "create_date": "2019-01-19T01:35:04Z",
                            "id": "terraform-eks-demo",
                            "name": "terraform-eks-demo",
                            "path": "/",
                            "role": "terraform-eks-demo-node",
                            "roles.#": "0",
                            "unique_id": "AIPAJNUGQXJQUWMI3ENZQ"
                        },
                        "meta": {},
                        "tainted": false
                    },
                    "deposed": [],
                    "provider": "provider.aws"
                },
                "aws_iam_role.demo-cluster": {
                    "type": "aws_iam_role",
                    "depends_on": [],
                    "primary": {
                        "id": "terraform-eks-demo-cluster",
                        "attributes": {
                            "arn": "arn:aws:iam::973714476881:role/terraform-eks-demo-cluster",
                            "assume_role_policy": "{\"Version\":\"2012-10-17\",\"Statement\":[{\"Effect\":\"Allow\",\"Principal\":{\"Service\":\"eks.amazonaws.com\"},\"Action\":\"sts:AssumeRole\"}]}",
                            "create_date": "2019-01-19T01:35:04Z",
                            "description": "",
                            "force_detach_policies": "false",
                            "id": "terraform-eks-demo-cluster",
                            "max_session_duration": "3600",
                            "name": "terraform-eks-demo-cluster",
                            "path": "/",
                            "tags.%": "0",
                            "unique_id": "AROAJEYOVLUQDMSLDDAG6"
                        },
                        "meta": {},
                        "tainted": false
                    },
                    "deposed": [],
                    "provider": "provider.aws"
                },
                "aws_iam_role.demo-node": {
                    "type": "aws_iam_role",
                    "depends_on": [],
                    "primary": {
                        "id": "terraform-eks-demo-node",
                        "attributes": {
                            "arn": "arn:aws:iam::973714476881:role/terraform-eks-demo-node",
                            "assume_role_policy": "{\"Version\":\"2012-10-17\",\"Statement\":[{\"Effect\":\"Allow\",\"Principal\":{\"Service\":\"ec2.amazonaws.com\"},\"Action\":\"sts:AssumeRole\"}]}",
                            "create_date": "2019-01-19T01:35:04Z",
                            "description": "",
                            "force_detach_policies": "false",
                            "id": "terraform-eks-demo-node",
                            "max_session_duration": "3600",
                            "name": "terraform-eks-demo-node",
                            "path": "/",
                            "tags.%": "0",
                            "unique_id": "AROAIUVQN7XO35HHCFDOG"
                        },
                        "meta": {},
                        "tainted": false
                    },
                    "deposed": [],
                    "provider": "provider.aws"
                },
                "aws_iam_role_policy_attachment.demo-cluster-AmazonEKSClusterPolicy": {
                    "type": "aws_iam_role_policy_attachment",
                    "depends_on": [
                        "aws_iam_role.demo-cluster"
                    ],
                    "primary": {
                        "id": "terraform-eks-demo-cluster-20190119013503986900000002",
                        "attributes": {
                            "id": "terraform-eks-demo-cluster-20190119013503986900000002",
                            "policy_arn": "arn:aws:iam::aws:policy/AmazonEKSClusterPolicy",
                            "role": "terraform-eks-demo-cluster"
                        },
                        "meta": {},
                        "tainted": false
                    },
                    "deposed": [],
                    "provider": "provider.aws"
                },
                "aws_iam_role_policy_attachment.demo-cluster-AmazonEKSServicePolicy": {
                    "type": "aws_iam_role_policy_attachment",
                    "depends_on": [
                        "aws_iam_role.demo-cluster"
                    ],
                    "primary": {
                        "id": "terraform-eks-demo-cluster-20190119013503985600000001",
                        "attributes": {
                            "id": "terraform-eks-demo-cluster-20190119013503985600000001",
                            "policy_arn": "arn:aws:iam::aws:policy/AmazonEKSServicePolicy",
                            "role": "terraform-eks-demo-cluster"
                        },
                        "meta": {},
                        "tainted": false
                    },
                    "deposed": [],
                    "provider": "provider.aws"
                },
                "aws_iam_role_policy_attachment.demo-node-AmazonEC2ContainerRegistryReadOnly": {
                    "type": "aws_iam_role_policy_attachment",
                    "depends_on": [
                        "aws_iam_role.demo-node"
                    ],
                    "primary": {
                        "id": "terraform-eks-demo-node-20190119013503994700000004",
                        "attributes": {
                            "id": "terraform-eks-demo-node-20190119013503994700000004",
                            "policy_arn": "arn:aws:iam::aws:policy/AmazonEC2ContainerRegistryReadOnly",
                            "role": "terraform-eks-demo-node"
                        },
                        "meta": {},
                        "tainted": false
                    },
                    "deposed": [],
                    "provider": "provider.aws"
                },
                "aws_iam_role_policy_attachment.demo-node-AmazonEKSWorkerNodePolicy": {
                    "type": "aws_iam_role_policy_attachment",
                    "depends_on": [
                        "aws_iam_role.demo-node"
                    ],
                    "primary": {
                        "id": "terraform-eks-demo-node-20190119013503988300000003",
                        "attributes": {
                            "id": "terraform-eks-demo-node-20190119013503988300000003",
                            "policy_arn": "arn:aws:iam::aws:policy/AmazonEKSWorkerNodePolicy",
                            "role": "terraform-eks-demo-node"
                        },
                        "meta": {},
                        "tainted": false
                    },
                    "deposed": [],
                    "provider": "provider.aws"
                },
                "aws_iam_role_policy_attachment.demo-node-AmazonEKS_CNI_Policy": {
                    "type": "aws_iam_role_policy_attachment",
                    "depends_on": [
                        "aws_iam_role.demo-node"
                    ],
                    "primary": {
                        "id": "terraform-eks-demo-node-20190119013504065800000005",
                        "attributes": {
                            "id": "terraform-eks-demo-node-20190119013504065800000005",
                            "policy_arn": "arn:aws:iam::aws:policy/AmazonEKS_CNI_Policy",
                            "role": "terraform-eks-demo-node"
                        },
                        "meta": {},
                        "tainted": false
                    },
                    "deposed": [],
                    "provider": "provider.aws"
                },
                "aws_internet_gateway.demo": {
                    "type": "aws_internet_gateway",
                    "depends_on": [
                        "aws_vpc.demo"
                    ],
                    "primary": {
                        "id": "igw-08ea126da5099c209",
                        "attributes": {
                            "id": "igw-08ea126da5099c209",
                            "owner_id": "973714476881",
                            "tags.%": "1",
                            "tags.Name": "terraform-eks-demo",
                            "vpc_id": "vpc-0b4aaada671842dd0"
                        },
                        "meta": {},
                        "tainted": false
                    },
                    "deposed": [],
                    "provider": "provider.aws"
                },
                "aws_launch_configuration.demo": {
                    "type": "aws_launch_configuration",
                    "depends_on": [
                        "aws_iam_instance_profile.demo-node",
                        "aws_security_group.demo-node",
                        "data.aws_ami.eks-worker",
                        "local.demo-node-userdata"
                    ],
                    "primary": {
                        "id": "terraform-eks-demo20190119014505772100000006",
                        "attributes": {
                            "associate_public_ip_address": "true",
                            "ebs_block_device.#": "0",
                            "ebs_optimized": "false",
                            "enable_monitoring": "true",
                            "ephemeral_block_device.#": "0",
                            "iam_instance_profile": "terraform-eks-demo",
                            "id": "terraform-eks-demo20190119014505772100000006",
                            "image_id": "ami-0958a76db2d150238",
                            "instance_type": "t2.micro",
                            "key_name": "devops",
                            "name": "terraform-eks-demo20190119014505772100000006",
                            "name_prefix": "terraform-eks-demo",
                            "root_block_device.#": "0",
                            "security_groups.#": "1",
                            "security_groups.3622059680": "sg-0c0c92df66f8d7dad",
                            "spot_price": "",
                            "user_data_base64": "IyEvYmluL2Jhc2gKc2V0IC1vIHh0cmFjZQovZXRjL2Vrcy9ib290c3RyYXAuc2ggLS1hcGlzZXJ2ZXItZW5kcG9pbnQgJ2h0dHBzOi8vRDI0QTE5MDVDNDREMjBCREY3RUEyNTNBNDQ1NTJGNkYueWw0LnVzLWVhc3QtMi5la3MuYW1hem9uYXdzLmNvbScgLS1iNjQtY2x1c3Rlci1jYSAnTFMwdExTMUNSVWRKVGlCRFJWSlVTVVpKUTBGVVJTMHRMUzB0Q2sxSlNVTjVSRU5EUVdKRFowRjNTVUpCWjBsQ1FVUkJUa0puYTNGb2EybEhPWGN3UWtGUmMwWkJSRUZXVFZKTmQwVlJXVVJXVVZGRVJYZHdjbVJYU213S1kyMDFiR1JIVm5wTlFqUllSRlJGTlUxRVJYaFBWRUY0VGtSSmVVNXNiMWhFVkVrMVRVUkZlRTVxUVhoT1JFbDVUbXh2ZDBaVVJWUk5Ra1ZIUVRGVlJRcEJlRTFMWVROV2FWcFlTblZhV0ZKc1kzcERRMEZUU1hkRVVWbEtTMjlhU1doMlkwNUJVVVZDUWxGQlJHZG5SVkJCUkVORFFWRnZRMmRuUlVKQlNsWTVDbGh0WldsV1pqSmlWMFZzYmt0WVZUZDVWWEkyZDBGblJsbEhSMmh5Vm0xc1JYbE9abmRwTHpWeVVEZEhhR04zWkZvMGVrMUVhVnB3V0RKdVMyeFFhVXdLUTFaT1ltZEllREV6WjNGMVNsQlNjVmw2TTBSR1VDdGlPVzlxY1ZsbWNHRlhPRFJ6YTFjNVlqVnNUWFJLU3k5NFJtMHZTbFIxVjBGSEt6UllVVEpRV2dwVVF5ODVkblZ4UVdKVlJucHllVE5pWjNFMFoxWmpaVmhoVldsQlZtOUxSVWM0TVZSb09FRjZSRXRIVmtFclRucEdNMHBYTVVNMFRFMUZhMjloT0VGU0NtaG1TekpKWmxBME9FbGlSMU4wU0c5R09XOWFXbEZVYW5aRU1XeFRSVzB6UVdvNWRFdGtTbk14ZDA1MVRDdFhlakZDUlhOTWQxSlRabFZwYjB4eE4yUUtTMmhVYTJaSlJEQlVOV3BVYXpWaGNtbE9Nemd6UkRGQ0wwMUlUSHA2YTNkWVYySmpja2R2Y0hWVmFrY3JNRXcyTUZsa05rWjFSRkJwYVhOTkwwNTZVUXBCUXpoTk9EaE1VekZTYURRd2FFSlVhek00UTBGM1JVRkJZVTFxVFVORmQwUm5XVVJXVWpCUVFWRklMMEpCVVVSQlowdHJUVUU0UjBFeFZXUkZkMFZDQ2k5M1VVWk5RVTFDUVdZNGQwUlJXVXBMYjFwSmFIWmpUa0ZSUlV4Q1VVRkVaMmRGUWtGR1pHWmpabFZvWlhZeVkzUXpNRU40Tm01YVRsRm5VV0pHZVcwS05FZDFRVEZVTjFaVFExUlZSalZNUkV4cmVVcDJWMmRHTUhJeFFWRXJUR3BKUzFaaFpUWm5aMmRyUVZwM00yTk9VVzlGVkhjNFUwSTFVbkJ0TlVOWlJBcGpVVUp3VDNSelJsSTFRa3hyTWxrMVVWRk5OME5WV2tNcmRIb3lWMUV5UTJFd2FrdHVObFkzZERCd01VZERXUzluUkhKVGRGUXZXVFpqUVhaNFdYZFZDbGRrTWs1clNDdEZkbnBwVG1veE16Z3ZORzlGTlhwNWFrRTJja2cxTVhOVFdHOTFOMlJFTDFrMVNERTRhWGh0UWtZdlRXWTJkeTlZWjFBNWFFSjFPR01LYTB3clUwVTJhRWxWVVROVE5FcHlRMUpIVEhsa1lsWjNhMXBIVld4SE1pdGlORmhQY21OeE1FY3dja0ZIWlVZelJISlFSMnR0UkVoS2N6bHhhVUY0Y2dwRWNrMDRVR1YwYlU5Sk4xcFVRbXdyVUZOTWFrMXJNbXhNVjFSUWMyRnNTemc1YURWV2RYa3ZNM1pvY2xKR2NYRkZjWFZFZFhBMmNUaFJiejBLTFMwdExTMUZUa1FnUTBWU1ZFbEdTVU5CVkVVdExTMHRMUW89JyAnZWtzY2x1c3RlcicK",
                            "vpc_classic_link_id": "",
                            "vpc_classic_link_security_groups.#": "0"
                        },
                        "meta": {},
                        "tainted": false
                    },
                    "deposed": [],
                    "provider": "provider.aws"
                },
                "aws_route_table.demo": {
                    "type": "aws_route_table",
                    "depends_on": [
                        "aws_internet_gateway.demo",
                        "aws_vpc.demo"
                    ],
                    "primary": {
                        "id": "rtb-03a7bb669e6c271ba",
                        "attributes": {
                            "id": "rtb-03a7bb669e6c271ba",
                            "owner_id": "973714476881",
                            "propagating_vgws.#": "0",
                            "route.#": "1",
                            "route.2737156858.cidr_block": "0.0.0.0/0",
                            "route.2737156858.egress_only_gateway_id": "",
                            "route.2737156858.gateway_id": "igw-08ea126da5099c209",
                            "route.2737156858.instance_id": "",
                            "route.2737156858.ipv6_cidr_block": "",
                            "route.2737156858.nat_gateway_id": "",
                            "route.2737156858.network_interface_id": "",
                            "route.2737156858.transit_gateway_id": "",
                            "route.2737156858.vpc_peering_connection_id": "",
                            "tags.%": "0",
                            "vpc_id": "vpc-0b4aaada671842dd0"
                        },
                        "meta": {},
                        "tainted": false
                    },
                    "deposed": [],
                    "provider": "provider.aws"
                },
                "aws_route_table_association.demo.0": {
                    "type": "aws_route_table_association",
                    "depends_on": [
                        "aws_route_table.demo",
                        "aws_subnet.demo.*"
                    ],
                    "primary": {
                        "id": "rtbassoc-0d08ad13bcf5b41d1",
                        "attributes": {
                            "id": "rtbassoc-0d08ad13bcf5b41d1",
                            "route_table_id": "rtb-03a7bb669e6c271ba",
                            "subnet_id": "subnet-0dd273de95f97d7e4"
                        },
                        "meta": {},
                        "tainted": false
                    },
                    "deposed": [],
                    "provider": "provider.aws"
                },
                "aws_route_table_association.demo.1": {
                    "type": "aws_route_table_association",
                    "depends_on": [
                        "aws_route_table.demo",
                        "aws_subnet.demo.*"
                    ],
                    "primary": {
                        "id": "rtbassoc-032479f52d615687b",
                        "attributes": {
                            "id": "rtbassoc-032479f52d615687b",
                            "route_table_id": "rtb-03a7bb669e6c271ba",
                            "subnet_id": "subnet-015756bc6a1e911a5"
                        },
                        "meta": {},
                        "tainted": false
                    },
                    "deposed": [],
                    "provider": "provider.aws"
                },
                "aws_security_group.demo-cluster": {
                    "type": "aws_security_group",
                    "depends_on": [
                        "aws_vpc.demo"
                    ],
                    "primary": {
                        "id": "sg-0d8f8bed88af89802",
                        "attributes": {
                            "arn": "arn:aws:ec2:us-east-2:973714476881:security-group/sg-0d8f8bed88af89802",
                            "description": "Cluster communication with worker nodes",
                            "egress.#": "1",
                            "egress.482069346.cidr_blocks.#": "1",
                            "egress.482069346.cidr_blocks.0": "0.0.0.0/0",
                            "egress.482069346.description": "",
                            "egress.482069346.from_port": "0",
                            "egress.482069346.ipv6_cidr_blocks.#": "0",
                            "egress.482069346.prefix_list_ids.#": "0",
                            "egress.482069346.protocol": "-1",
                            "egress.482069346.security_groups.#": "0",
                            "egress.482069346.self": "false",
                            "egress.482069346.to_port": "0",
                            "id": "sg-0d8f8bed88af89802",
                            "ingress.#": "0",
                            "name": "terraform-eks-demo-cluster",
                            "owner_id": "973714476881",
                            "revoke_rules_on_delete": "false",
                            "tags.%": "1",
                            "tags.Name": "terraform-eks-demo",
                            "vpc_id": "vpc-0b4aaada671842dd0"
                        },
                        "meta": {
                            "e2bfb730-ecaa-11e6-8f88-34363bc7c4c0": {
                                "create": 600000000000,
                                "delete": 600000000000
                            },
                            "schema_version": "1"
                        },
                        "tainted": false
                    },
                    "deposed": [],
                    "provider": "provider.aws"
                },
                "aws_security_group.demo-node": {
                    "type": "aws_security_group",
                    "depends_on": [
                        "aws_vpc.demo"
                    ],
                    "primary": {
                        "id": "sg-0c0c92df66f8d7dad",
                        "attributes": {
                            "arn": "arn:aws:ec2:us-east-2:973714476881:security-group/sg-0c0c92df66f8d7dad",
                            "description": "Security group for all nodes in the cluster",
                            "egress.#": "1",
                            "egress.482069346.cidr_blocks.#": "1",
                            "egress.482069346.cidr_blocks.0": "0.0.0.0/0",
                            "egress.482069346.description": "",
                            "egress.482069346.from_port": "0",
                            "egress.482069346.ipv6_cidr_blocks.#": "0",
                            "egress.482069346.prefix_list_ids.#": "0",
                            "egress.482069346.protocol": "-1",
                            "egress.482069346.security_groups.#": "0",
                            "egress.482069346.self": "false",
                            "egress.482069346.to_port": "0",
                            "id": "sg-0c0c92df66f8d7dad",
                            "ingress.#": "0",
                            "name": "terraform-eks-demo-node",
                            "owner_id": "973714476881",
                            "revoke_rules_on_delete": "false",
                            "tags.%": "2",
                            "tags.Name": "terraform-eks-demo-node",
                            "tags.kubernetes.io/cluster/ekscluster": "owned",
                            "vpc_id": "vpc-0b4aaada671842dd0"
                        },
                        "meta": {
                            "e2bfb730-ecaa-11e6-8f88-34363bc7c4c0": {
                                "create": 600000000000,
                                "delete": 600000000000
                            },
                            "schema_version": "1"
                        },
                        "tainted": false
                    },
                    "deposed": [],
                    "provider": "provider.aws"
                },
                "aws_security_group_rule.demo-cluster-ingress-node-https": {
                    "type": "aws_security_group_rule",
                    "depends_on": [
                        "aws_security_group.demo-cluster",
                        "aws_security_group.demo-node"
                    ],
                    "primary": {
                        "id": "sgrule-3480317984",
                        "attributes": {
                            "description": "Allow pods to communicate with the cluster API Server",
                            "from_port": "443",
                            "id": "sgrule-3480317984",
                            "protocol": "tcp",
                            "security_group_id": "sg-0d8f8bed88af89802",
                            "self": "false",
                            "source_security_group_id": "sg-0c0c92df66f8d7dad",
                            "to_port": "443",
                            "type": "ingress"
                        },
                        "meta": {
                            "schema_version": "2"
                        },
                        "tainted": false
                    },
                    "deposed": [],
                    "provider": "provider.aws"
                },
                "aws_security_group_rule.demo-cluster-ingress-workstation-https": {
                    "type": "aws_security_group_rule",
                    "depends_on": [
                        "aws_security_group.demo-cluster"
                    ],
                    "primary": {
                        "id": "sgrule-3985999103",
                        "attributes": {
                            "cidr_blocks.#": "1",
                            "cidr_blocks.0": "0.0.0.0/32",
                            "description": "Allow workstation to communicate with the cluster API Server",
                            "from_port": "443",
                            "id": "sgrule-3985999103",
                            "protocol": "tcp",
                            "security_group_id": "sg-0d8f8bed88af89802",
                            "self": "false",
                            "to_port": "443",
                            "type": "ingress"
                        },
                        "meta": {
                            "schema_version": "2"
                        },
                        "tainted": false
                    },
                    "deposed": [],
                    "provider": "provider.aws"
                },
                "aws_security_group_rule.demo-node-ingress-cluster": {
                    "type": "aws_security_group_rule",
                    "depends_on": [
                        "aws_security_group.demo-cluster",
                        "aws_security_group.demo-node"
                    ],
                    "primary": {
                        "id": "sgrule-4225946108",
                        "attributes": {
                            "description": "Allow worker Kubelets and pods to receive communication from the cluster control plane",
                            "from_port": "1025",
                            "id": "sgrule-4225946108",
                            "protocol": "tcp",
                            "security_group_id": "sg-0c0c92df66f8d7dad",
                            "self": "false",
                            "source_security_group_id": "sg-0d8f8bed88af89802",
                            "to_port": "65535",
                            "type": "ingress"
                        },
                        "meta": {
                            "schema_version": "2"
                        },
                        "tainted": false
                    },
                    "deposed": [],
                    "provider": "provider.aws"
                },
                "aws_security_group_rule.demo-node-ingress-self": {
                    "type": "aws_security_group_rule",
                    "depends_on": [
                        "aws_security_group.demo-node"
                    ],
                    "primary": {
                        "id": "sgrule-689301672",
                        "attributes": {
                            "description": "Allow node to communicate with each other",
                            "from_port": "0",
                            "id": "sgrule-689301672",
                            "protocol": "-1",
                            "security_group_id": "sg-0c0c92df66f8d7dad",
                            "self": "false",
                            "source_security_group_id": "sg-0c0c92df66f8d7dad",
                            "to_port": "65535",
                            "type": "ingress"
                        },
                        "meta": {
                            "schema_version": "2"
                        },
                        "tainted": false
                    },
                    "deposed": [],
                    "provider": "provider.aws"
                },
                "aws_subnet.demo.0": {
                    "type": "aws_subnet",
                    "depends_on": [
                        "aws_vpc.demo",
                        "data.aws_availability_zones.available"
                    ],
                    "primary": {
                        "id": "subnet-0dd273de95f97d7e4",
                        "attributes": {
                            "arn": "arn:aws:ec2:us-east-2:973714476881:subnet/subnet-0dd273de95f97d7e4",
                            "assign_ipv6_address_on_creation": "false",
                            "availability_zone": "us-east-2a",
                            "availability_zone_id": "use2-az1",
                            "cidr_block": "10.0.0.0/24",
                            "id": "subnet-0dd273de95f97d7e4",
                            "ipv6_cidr_block": "",
                            "ipv6_cidr_block_association_id": "",
                            "map_public_ip_on_launch": "false",
                            "owner_id": "973714476881",
                            "tags.%": "2",
                            "tags.Name": "terraform-eks-demo-node",
                            "tags.kubernetes.io/cluster/ekscluster": "shared",
                            "vpc_id": "vpc-0b4aaada671842dd0"
                        },
                        "meta": {
                            "e2bfb730-ecaa-11e6-8f88-34363bc7c4c0": {
                                "create": 600000000000,
                                "delete": 600000000000
                            },
                            "schema_version": "1"
                        },
                        "tainted": false
                    },
                    "deposed": [],
                    "provider": "provider.aws"
                },
                "aws_subnet.demo.1": {
                    "type": "aws_subnet",
                    "depends_on": [
                        "aws_vpc.demo",
                        "data.aws_availability_zones.available"
                    ],
                    "primary": {
                        "id": "subnet-015756bc6a1e911a5",
                        "attributes": {
                            "arn": "arn:aws:ec2:us-east-2:973714476881:subnet/subnet-015756bc6a1e911a5",
                            "assign_ipv6_address_on_creation": "false",
                            "availability_zone": "us-east-2b",
                            "availability_zone_id": "use2-az2",
                            "cidr_block": "10.0.1.0/24",
                            "id": "subnet-015756bc6a1e911a5",
                            "ipv6_cidr_block": "",
                            "ipv6_cidr_block_association_id": "",
                            "map_public_ip_on_launch": "false",
                            "owner_id": "973714476881",
                            "tags.%": "2",
                            "tags.Name": "terraform-eks-demo-node",
                            "tags.kubernetes.io/cluster/ekscluster": "shared",
                            "vpc_id": "vpc-0b4aaada671842dd0"
                        },
                        "meta": {
                            "e2bfb730-ecaa-11e6-8f88-34363bc7c4c0": {
                                "create": 600000000000,
                                "delete": 600000000000
                            },
                            "schema_version": "1"
                        },
                        "tainted": false
                    },
                    "deposed": [],
                    "provider": "provider.aws"
                },
                "aws_vpc.demo": {
                    "type": "aws_vpc",
                    "depends_on": [],
                    "primary": {
                        "id": "vpc-0b4aaada671842dd0",
                        "attributes": {
                            "arn": "arn:aws:ec2:us-east-2:973714476881:vpc/vpc-0b4aaada671842dd0",
                            "assign_generated_ipv6_cidr_block": "false",
                            "cidr_block": "10.0.0.0/22",
                            "default_network_acl_id": "acl-0f8e658e51282417e",
                            "default_route_table_id": "rtb-0bd6d546371f786d4",
                            "default_security_group_id": "sg-00e1cddd552871025",
                            "dhcp_options_id": "dopt-8b9d94e2",
                            "enable_dns_hostnames": "false",
                            "enable_dns_support": "true",
                            "id": "vpc-0b4aaada671842dd0",
                            "instance_tenancy": "default",
                            "ipv6_association_id": "",
                            "ipv6_cidr_block": "",
                            "main_route_table_id": "rtb-0bd6d546371f786d4",
                            "owner_id": "973714476881",
                            "tags.%": "2",
                            "tags.Name": "terraform-eks-demo-node",
                            "tags.kubernetes.io/cluster/ekscluster": "shared"
                        },
                        "meta": {
                            "schema_version": "1"
                        },
                        "tainted": false
                    },
                    "deposed": [],
                    "provider": "provider.aws"
                },
                "data.aws_ami.eks-worker": {
                    "type": "aws_ami",
                    "depends_on": [],
                    "primary": {
                        "id": "ami-0958a76db2d150238",
                        "attributes": {
                            "architecture": "x86_64",
                            "block_device_mappings.#": "1",
                            "block_device_mappings.3798922657.device_name": "/dev/xvda",
                            "block_device_mappings.3798922657.ebs.%": "6",
                            "block_device_mappings.3798922657.ebs.delete_on_termination": "true",
                            "block_device_mappings.3798922657.ebs.encrypted": "false",
                            "block_device_mappings.3798922657.ebs.iops": "0",
                            "block_device_mappings.3798922657.ebs.snapshot_id": "snap-03975341f040f9ca9",
                            "block_device_mappings.3798922657.ebs.volume_size": "20",
                            "block_device_mappings.3798922657.ebs.volume_type": "gp2",
                            "block_device_mappings.3798922657.no_device": "",
                            "block_device_mappings.3798922657.virtual_name": "",
                            "creation_date": "2018-10-31T01:22:31.000Z",
                            "description": "amazon-eks-node-v25",
                            "filter.#": "1",
                            "filter.249857641.name": "name",
                            "filter.249857641.values.#": "1",
                            "filter.249857641.values.0": "amazon-eks-node-v*",
                            "hypervisor": "xen",
                            "id": "ami-0958a76db2d150238",
                            "image_id": "ami-0958a76db2d150238",
                            "image_location": "602401143452/amazon-eks-node-v25",
                            "image_type": "machine",
                            "most_recent": "true",
                            "name": "amazon-eks-node-v25",
                            "owner_id": "602401143452",
                            "owners.#": "1",
                            "owners.0": "602401143452",
                            "product_codes.#": "0",
                            "public": "true",
                            "root_device_name": "/dev/xvda",
                            "root_device_type": "ebs",
                            "root_snapshot_id": "snap-03975341f040f9ca9",
                            "sriov_net_support": "simple",
                            "state": "available",
                            "state_reason.%": "2",
                            "state_reason.code": "UNSET",
                            "state_reason.message": "UNSET",
                            "tags.%": "0",
                            "virtualization_type": "hvm"
                        },
                        "meta": {},
                        "tainted": false
                    },
                    "deposed": [],
                    "provider": "provider.aws"
                },
                "data.aws_availability_zones.available": {
                    "type": "aws_availability_zones",
                    "depends_on": [],
                    "primary": {
                        "id": "2019-01-19 01:35:03.341198707 +0000 UTC",
                        "attributes": {
                            "id": "2019-01-19 01:35:03.341198707 +0000 UTC",
                            "names.#": "3",
                            "names.0": "us-east-2a",
                            "names.1": "us-east-2b",
                            "names.2": "us-east-2c",
                            "zone_ids.#": "3",
                            "zone_ids.0": "use2-az1",
                            "zone_ids.1": "use2-az2",
                            "zone_ids.2": "use2-az3"
                        },
                        "meta": {},
                        "tainted": false
                    },
                    "deposed": [],
                    "provider": "provider.aws"
                },
                "data.aws_region.current": {
                    "type": "aws_region",
                    "depends_on": [],
                    "primary": {
                        "id": "us-east-2",
                        "attributes": {
                            "current": "true",
                            "description": "US East (Ohio)",
                            "endpoint": "ec2.us-east-2.amazonaws.com",
                            "id": "us-east-2",
                            "name": "us-east-2"
                        },
                        "meta": {},
                        "tainted": false
                    },
                    "deposed": [],
                    "provider": "provider.aws"
                }
            },
            "depends_on": []
        }
    ]
}
